
Microsoft Visual Studio Solution File, Format Version 12.00
# Visual Studio 2012
Project("{8BC9CEB8-8B4A-11D0-8D11-00A0C91BC942}") = "Console Game Framework", "Console Game Framework\Console Game Framework.vcxproj", "{D3CFA3E8-5ADD-4A58-B9CB-17DAC70AA263}"
EndProject
Global
	GlobalSection(SolutionConfigurationPlatforms) = preSolution
		Debug|Win32 = Debug|Win32
		Release|Win32 = Release|Win32
	EndGlobalSection
	GlobalSection(ProjectConfigurationPlatforms) = postSolution
		{D3CFA3E8-5ADD-4A58-B9CB-17DAC70AA263}.Debug|Win32.ActiveCfg = Debug|Win32
		{D3CFA3E8-5ADD-4A58-B9CB-17DAC70AA263}.Debug|Win32.Build.0 = Debug|Win32
		{D3CFA3E8-5ADD-4A58-B9CB-17DAC70AA263}.Release|Win32.ActiveCfg = Release|Win32
		{D3CFA3E8-5ADD-4A58-B9CB-17DAC70AA263}.Release|Win32.Build.0 = Release|Win32
	EndGlobalSection
	GlobalSection(SolutionProperties) = preSolution
		HideSolutionNode = FALSE
	EndGlobalSection
EndGlobal
